
Microsoft Visual Studio Solution File, Format Version 12.00
# Visual Studio 15
VisualStudioVersion = 15.0.26124.0
MinimumVisualStudioVersion = 15.0.26124.0
Project("{2150E333-8FDC-42A3-9474-1A3956D46DE8}") = "src", "src", "{21998575-C5B5-4DB9-880A-D254F1058E8C}"
EndProject
Project("{6EC3EE1D-3C4E-46DD-8F32-0CC8E7565705}") = "WebSequenceDiagrams", "src\WebSequenceDiagrams\WebSequenceDiagrams.fsproj", "{5B0CFA71-3A69-4846-BFDE-FCC375326E4B}"
EndProject
Project("{6EC3EE1D-3C4E-46DD-8F32-0CC8E7565705}") = "WsdGenerator", "src\WsdGenerator\WsdGenerator.fsproj", "{82DD0F13-259C-48C0-94DC-00E833CC710C}"
EndProject
Project("{6EC3EE1D-3C4E-46DD-8F32-0CC8E7565705}") = "WsdAgents", "src\WsdAgents\WsdAgents.fsproj", "{4D371CD5-673C-498B-B013-1F92232C3954}"
EndProject
Project("{2150E333-8FDC-42A3-9474-1A3956D46DE8}") = "test", "test", "{AFF99A37-25FA-4EF2-97E6-781443B71460}"
EndProject
Project("{6EC3EE1D-3C4E-46DD-8F32-0CC8E7565705}") = "WsdAgents.Tests", "test\WsdAgents.Tests\WsdAgents.Tests.fsproj", "{852045FB-8AA5-431D-90AA-7F64CD7CF7CA}"
EndProject
Project("{2150E333-8FDC-42A3-9474-1A3956D46DE8}") = "docs", "docs", "{64338F11-B389-4460-A7C2-F7162E18DBAD}"
	ProjectSection(SolutionItems) = preProject
		docs\Agents.md = docs\Agents.md
	EndProjectSection
EndProject
Project("{2150E333-8FDC-42A3-9474-1A3956D46DE8}") = "project", "project", "{23521992-9B49-4F4C-986F-BC1F330C90A1}"
	ProjectSection(SolutionItems) = preProject
		onboardingAPI.png = onboardingAPI.png
		onboardingAPI.wsd = onboardingAPI.wsd
	EndProjectSection
EndProject
Global
	GlobalSection(SolutionConfigurationPlatforms) = preSolution
		Debug|Any CPU = Debug|Any CPU
		Debug|x64 = Debug|x64
		Debug|x86 = Debug|x86
		Release|Any CPU = Release|Any CPU
		Release|x64 = Release|x64
		Release|x86 = Release|x86
	EndGlobalSection
	GlobalSection(ProjectConfigurationPlatforms) = postSolution
		{5B0CFA71-3A69-4846-BFDE-FCC375326E4B}.Debug|Any CPU.ActiveCfg = Debug|Any CPU
		{5B0CFA71-3A69-4846-BFDE-FCC375326E4B}.Debug|Any CPU.Build.0 = Debug|Any CPU
		{5B0CFA71-3A69-4846-BFDE-FCC375326E4B}.Debug|x64.ActiveCfg = Debug|Any CPU
		{5B0CFA71-3A69-4846-BFDE-FCC375326E4B}.Debug|x64.Build.0 = Debug|Any CPU
		{5B0CFA71-3A69-4846-BFDE-FCC375326E4B}.Debug|x86.ActiveCfg = Debug|Any CPU
		{5B0CFA71-3A69-4846-BFDE-FCC375326E4B}.Debug|x86.Build.0 = Debug|Any CPU
		{5B0CFA71-3A69-4846-BFDE-FCC375326E4B}.Release|Any CPU.ActiveCfg = Release|Any CPU
		{5B0CFA71-3A69-4846-BFDE-FCC375326E4B}.Release|Any CPU.Build.0 = Release|Any CPU
		{5B0CFA71-3A69-4846-BFDE-FCC375326E4B}.Release|x64.ActiveCfg = Release|Any CPU
		{5B0CFA71-3A69-4846-BFDE-FCC375326E4B}.Release|x64.Build.0 = Release|Any CPU
		{5B0CFA71-3A69-4846-BFDE-FCC375326E4B}.Release|x86.ActiveCfg = Release|Any CPU
		{5B0CFA71-3A69-4846-BFDE-FCC375326E4B}.Release|x86.Build.0 = Release|Any CPU
		{82DD0F13-259C-48C0-94DC-00E833CC710C}.Debug|Any CPU.ActiveCfg = Debug|Any CPU
		{82DD0F13-259C-48C0-94DC-00E833CC710C}.Debug|Any CPU.Build.0 = Debug|Any CPU
		{82DD0F13-259C-48C0-94DC-00E833CC710C}.Debug|x64.ActiveCfg = Debug|Any CPU
		{82DD0F13-259C-48C0-94DC-00E833CC710C}.Debug|x64.Build.0 = Debug|Any CPU
		{82DD0F13-259C-48C0-94DC-00E833CC710C}.Debug|x86.ActiveCfg = Debug|Any CPU
		{82DD0F13-259C-48C0-94DC-00E833CC710C}.Debug|x86.Build.0 = Debug|Any CPU
		{82DD0F13-259C-48C0-94DC-00E833CC710C}.Release|Any CPU.ActiveCfg = Release|Any CPU
		{82DD0F13-259C-48C0-94DC-00E833CC710C}.Release|Any CPU.Build.0 = Release|Any CPU
		{82DD0F13-259C-48C0-94DC-00E833CC710C}.Release|x64.ActiveCfg = Release|Any CPU
		{82DD0F13-259C-48C0-94DC-00E833CC710C}.Release|x64.Build.0 = Release|Any CPU
		{82DD0F13-259C-48C0-94DC-00E833CC710C}.Release|x86.ActiveCfg = Release|Any CPU
		{82DD0F13-259C-48C0-94DC-00E833CC710C}.Release|x86.Build.0 = Release|Any CPU
		{4D371CD5-673C-498B-B013-1F92232C3954}.Debug|Any CPU.ActiveCfg = Debug|Any CPU
		{4D371CD5-673C-498B-B013-1F92232C3954}.Debug|Any CPU.Build.0 = Debug|Any CPU
		{4D371CD5-673C-498B-B013-1F92232C3954}.Debug|x64.ActiveCfg = Debug|Any CPU
		{4D371CD5-673C-498B-B013-1F92232C3954}.Debug|x64.Build.0 = Debug|Any CPU
		{4D371CD5-673C-498B-B013-1F92232C3954}.Debug|x86.ActiveCfg = Debug|Any CPU
		{4D371CD5-673C-498B-B013-1F92232C3954}.Debug|x86.Build.0 = Debug|Any CPU
		{4D371CD5-673C-498B-B013-1F92232C3954}.Release|Any CPU.ActiveCfg = Release|Any CPU
		{4D371CD5-673C-498B-B013-1F92232C3954}.Release|Any CPU.Build.0 = Release|Any CPU
		{4D371CD5-673C-498B-B013-1F92232C3954}.Release|x64.ActiveCfg = Release|Any CPU
		{4D371CD5-673C-498B-B013-1F92232C3954}.Release|x64.Build.0 = Release|Any CPU
		{4D371CD5-673C-498B-B013-1F92232C3954}.Release|x86.ActiveCfg = Release|Any CPU
		{4D371CD5-673C-498B-B013-1F92232C3954}.Release|x86.Build.0 = Release|Any CPU
		{852045FB-8AA5-431D-90AA-7F64CD7CF7CA}.Debug|Any CPU.ActiveCfg = Debug|Any CPU
		{852045FB-8AA5-431D-90AA-7F64CD7CF7CA}.Debug|Any CPU.Build.0 = Debug|Any CPU
		{852045FB-8AA5-431D-90AA-7F64CD7CF7CA}.Debug|x64.ActiveCfg = Debug|Any CPU
		{852045FB-8AA5-431D-90AA-7F64CD7CF7CA}.Debug|x64.Build.0 = Debug|Any CPU
		{852045FB-8AA5-431D-90AA-7F64CD7CF7CA}.Debug|x86.ActiveCfg = Debug|Any CPU
		{852045FB-8AA5-431D-90AA-7F64CD7CF7CA}.Debug|x86.Build.0 = Debug|Any CPU
		{852045FB-8AA5-431D-90AA-7F64CD7CF7CA}.Release|Any CPU.ActiveCfg = Release|Any CPU
		{852045FB-8AA5-431D-90AA-7F64CD7CF7CA}.Release|Any CPU.Build.0 = Release|Any CPU
		{852045FB-8AA5-431D-90AA-7F64CD7CF7CA}.Release|x64.ActiveCfg = Release|Any CPU
		{852045FB-8AA5-431D-90AA-7F64CD7CF7CA}.Release|x64.Build.0 = Release|Any CPU
		{852045FB-8AA5-431D-90AA-7F64CD7CF7CA}.Release|x86.ActiveCfg = Release|Any CPU
		{852045FB-8AA5-431D-90AA-7F64CD7CF7CA}.Release|x86.Build.0 = Release|Any CPU
	EndGlobalSection
	GlobalSection(SolutionProperties) = preSolution
		HideSolutionNode = FALSE
	EndGlobalSection
	GlobalSection(NestedProjects) = preSolution
		{5B0CFA71-3A69-4846-BFDE-FCC375326E4B} = {21998575-C5B5-4DB9-880A-D254F1058E8C}
		{82DD0F13-259C-48C0-94DC-00E833CC710C} = {21998575-C5B5-4DB9-880A-D254F1058E8C}
		{4D371CD5-673C-498B-B013-1F92232C3954} = {21998575-C5B5-4DB9-880A-D254F1058E8C}
		{852045FB-8AA5-431D-90AA-7F64CD7CF7CA} = {AFF99A37-25FA-4EF2-97E6-781443B71460}
	EndGlobalSection
	GlobalSection(ExtensibilityGlobals) = postSolution
		SolutionGuid = {5527F4E0-B776-4853-AE26-78926C4D1AC9}
	EndGlobalSection
EndGlobal
